
Microsoft Visual Studio Solution File, Format Version 12.00
# Visual Studio 15
Project("{FAE04EC0-301F-11D3-BF4B-00C04F79EFBC}") = "RomanToInt", "RomanToInt\RomanToInt.csproj", "{84A4E28C-B13A-40EA-A285-BDB931962BD2}"
EndProject
Project("{FAE04EC0-301F-11D3-BF4B-00C04F79EFBC}") = "RomanToIntTest", "RomanToIntTest\RomanToIntTest.csproj", "{30C1B5D5-7F35-4D24-BB29-7B4441098950}"
EndProject
Global
	GlobalSection(SolutionConfigurationPlatforms) = preSolution
		Debug|Any CPU = Debug|Any CPU
		Release|Any CPU = Release|Any CPU
	EndGlobalSection
	GlobalSection(ProjectConfigurationPlatforms) = postSolution
		{84A4E28C-B13A-40EA-A285-BDB931962BD2}.Debug|Any CPU.ActiveCfg = Debug|Any CPU
		{84A4E28C-B13A-40EA-A285-BDB931962BD2}.Debug|Any CPU.Build.0 = Debug|Any CPU
		{84A4E28C-B13A-40EA-A285-BDB931962BD2}.Release|Any CPU.ActiveCfg = Release|Any CPU
		{84A4E28C-B13A-40EA-A285-BDB931962BD2}.Release|Any CPU.Build.0 = Release|Any CPU
		{30C1B5D5-7F35-4D24-BB29-7B4441098950}.Debug|Any CPU.ActiveCfg = Debug|Any CPU
		{30C1B5D5-7F35-4D24-BB29-7B4441098950}.Debug|Any CPU.Build.0 = Debug|Any CPU
		{30C1B5D5-7F35-4D24-BB29-7B4441098950}.Release|Any CPU.ActiveCfg = Release|Any CPU
		{30C1B5D5-7F35-4D24-BB29-7B4441098950}.Release|Any CPU.Build.0 = Release|Any CPU
	EndGlobalSection
EndGlobal
